
Microsoft Visual Studio Solution File, Format Version 12.00
# Visual Studio Version 17
VisualStudioVersion = 17.14.36401.2 d17.14
MinimumVisualStudioVersion = 10.0.40219.1
Project("{8BC9CEB8-8B4A-11D0-8D11-00A0C91BC942}") = "Blackhole", "Blackhole.vcxproj", "{8D6FCA60-F02C-411A-BFF3-2D13A170A31E}"
EndProject
Global
	GlobalSection(SolutionConfigurationPlatforms) = preSolution
		Debug|x64 = Debug|x64
		Debug|x86 = Debug|x86
		Release|x64 = Release|x64
		Release|x86 = Release|x86
	EndGlobalSection
	GlobalSection(ProjectConfigurationPlatforms) = postSolution
		{8D6FCA60-F02C-411A-BFF3-2D13A170A31E}.Debug|x64.ActiveCfg = Debug|x64
		{8D6FCA60-F02C-411A-BFF3-2D13A170A31E}.Debug|x64.Build.0 = Debug|x64
		{8D6FCA60-F02C-411A-BFF3-2D13A170A31E}.Debug|x86.ActiveCfg = Debug|Win32
		{8D6FCA60-F02C-411A-BFF3-2D13A170A31E}.Debug|x86.Build.0 = Debug|Win32
		{8D6FCA60-F02C-411A-BFF3-2D13A170A31E}.Release|x64.ActiveCfg = Release|x64
		{8D6FCA60-F02C-411A-BFF3-2D13A170A31E}.Release|x64.Build.0 = Release|x64
		{8D6FCA60-F02C-411A-BFF3-2D13A170A31E}.Release|x86.ActiveCfg = Release|Win32
		{8D6FCA60-F02C-411A-BFF3-2D13A170A31E}.Release|x86.Build.0 = Release|Win32
	EndGlobalSection
	GlobalSection(SolutionProperties) = preSolution
		HideSolutionNode = FALSE
	EndGlobalSection
	GlobalSection(ExtensibilityGlobals) = postSolution
		SolutionGuid = {5EB059F2-99FA-4D96-9033-EE31FAB1E8C7}
	EndGlobalSection
EndGlobal
